# THIS IS AN AUTOGENERATED FILE. DO NOT EDIT THIS FILE DIRECTLY.
# yarn lockfile v1


"@openzeppelin/contracts-upgradeable@^5.0.1":
  version "5.0.1"
  resolved "https://registry.yarnpkg.com/@openzeppelin/contracts-upgradeable/-/contracts-upgradeable-5.0.1.tgz#ebc163cbed2de6b8b69bff628261d18deb912a81"
  integrity sha512-MvaLoPnVcoZr/qqZP+4cl9piuR4gg0iIGgxVSZ/AL1iId3M6IdEHzz9Naw5Lirl4KKBI6ciTVnX07yL4dOMIJg==
